
Microsoft Visual Studio Solution File, Format Version 12.00
# Visual Studio Version 17
VisualStudioVersion = 17.0.31903.59
MinimumVisualStudioVersion = 10.0.40219.1
Project("{2150E333-8FDC-42A3-9474-1A3956D46DE8}") = "HQSOFT.Inventory", "HQSOFT.Inventory", "{2BD798A8-EBF1-E617-438B-21A05AF03372}"
EndProject
Project("{2150E333-8FDC-42A3-9474-1A3956D46DE8}") = "src", "src", "{310BE8E0-B48E-1C2B-1309-B7E9C7221034}"
EndProject
Project("{FAE04EC0-301F-11D3-BF4B-00C04F79EFBC}") = "HQSOFT.Inventory.Application", "HQSOFT.Inventory\src\HQSOFT.Inventory.Application\HQSOFT.Inventory.Application.csproj", "{4DF88973-DDBD-4ECE-A971-EB1A7D181DFA}"
EndProject
Project("{FAE04EC0-301F-11D3-BF4B-00C04F79EFBC}") = "HQSOFT.Inventory.Application.Contracts", "HQSOFT.Inventory\src\HQSOFT.Inventory.Application.Contracts\HQSOFT.Inventory.Application.Contracts.csproj", "{E97D3800-754B-4D12-A3E3-F7DDB956AF0B}"
EndProject
Project("{FAE04EC0-301F-11D3-BF4B-00C04F79EFBC}") = "HQSOFT.Inventory.Domain.Shared", "HQSOFT.Inventory\src\HQSOFT.Inventory.Domain.Shared\HQSOFT.Inventory.Domain.Shared.csproj", "{0FEFCBCB-3CF9-4A8A-8849-C2B2B1D11994}"
EndProject
Project("{FAE04EC0-301F-11D3-BF4B-00C04F79EFBC}") = "HQSOFT.Inventory.Domain", "HQSOFT.Inventory\src\HQSOFT.Inventory.Domain\HQSOFT.Inventory.Domain.csproj", "{87FCC571-460A-4BE8-96F6-A2C7628C8FA9}"
EndProject
Project("{FAE04EC0-301F-11D3-BF4B-00C04F79EFBC}") = "HQSOFT.Inventory.EntityFrameworkCore", "HQSOFT.Inventory\src\HQSOFT.Inventory.EntityFrameworkCore\HQSOFT.Inventory.EntityFrameworkCore.csproj", "{729572F7-AA7B-47F5-BCA3-6B0BA0B70EF7}"
EndProject
Project("{FAE04EC0-301F-11D3-BF4B-00C04F79EFBC}") = "HQSOFT.Inventory.HttpApi", "HQSOFT.Inventory\src\HQSOFT.Inventory.HttpApi\HQSOFT.Inventory.HttpApi.csproj", "{91F79364-47D4-4850-A244-4F3A1DB3B335}"
EndProject
Project("{FAE04EC0-301F-11D3-BF4B-00C04F79EFBC}") = "HQSOFT.Inventory.HttpApi.Client", "HQSOFT.Inventory\src\HQSOFT.Inventory.HttpApi.Client\HQSOFT.Inventory.HttpApi.Client.csproj", "{5D4C8C0D-30BF-4BC4-810F-C13818EB8D99}"
EndProject
Project("{FAE04EC0-301F-11D3-BF4B-00C04F79EFBC}") = "HQSOFT.Inventory.Installer", "HQSOFT.Inventory\src\HQSOFT.Inventory.Installer\HQSOFT.Inventory.Installer.csproj", "{55E4056D-1359-4730-B439-9407FDD69CA0}"
EndProject
Project("{2150E333-8FDC-42A3-9474-1A3956D46DE8}") = "test", "test", "{6630C2AA-9A6A-C2B8-49CE-6058946C6E88}"
EndProject
Project("{FAE04EC0-301F-11D3-BF4B-00C04F79EFBC}") = "HQSOFT.Inventory.Application.Tests", "HQSOFT.Inventory\test\HQSOFT.Inventory.Application.Tests\HQSOFT.Inventory.Application.Tests.csproj", "{8FD18103-03E4-4337-BC00-1ED418EEDC49}"
EndProject
Project("{FAE04EC0-301F-11D3-BF4B-00C04F79EFBC}") = "HQSOFT.Inventory.Domain.Tests", "HQSOFT.Inventory\test\HQSOFT.Inventory.Domain.Tests\HQSOFT.Inventory.Domain.Tests.csproj", "{9663320D-2190-4A80-AB7D-292517024CAE}"
EndProject
Project("{FAE04EC0-301F-11D3-BF4B-00C04F79EFBC}") = "HQSOFT.Inventory.TestBase", "HQSOFT.Inventory\test\HQSOFT.Inventory.TestBase\HQSOFT.Inventory.TestBase.csproj", "{A5E02471-1807-4855-9618-1C4345C16AF8}"
EndProject
Project("{FAE04EC0-301F-11D3-BF4B-00C04F79EFBC}") = "HQSOFT.Inventory.EntityFrameworkCore.Tests", "HQSOFT.Inventory\test\HQSOFT.Inventory.EntityFrameworkCore.Tests\HQSOFT.Inventory.EntityFrameworkCore.Tests.csproj", "{20ADBEE1-AB9F-4056-A0B0-CF4A699062DE}"
EndProject
Project("{2150E333-8FDC-42A3-9474-1A3956D46DE8}") = "HQSOFT.Order", "HQSOFT.Order", "{E20BB6E4-24B9-9B7C-8496-2A4BDAD7FEFF}"
EndProject
Project("{2150E333-8FDC-42A3-9474-1A3956D46DE8}") = "src", "src", "{E9E3BE90-7028-E3CD-CB6C-43D658BC0191}"
EndProject
Project("{FAE04EC0-301F-11D3-BF4B-00C04F79EFBC}") = "HQSOFT.Order.Application", "HQSOFT.Order\src\HQSOFT.Order.Application\HQSOFT.Order.Application.csproj", "{2F06902B-76F5-4069-8D4D-EA6E6D57FEC3}"
EndProject
Project("{FAE04EC0-301F-11D3-BF4B-00C04F79EFBC}") = "HQSOFT.Order.Domain", "HQSOFT.Order\src\HQSOFT.Order.Domain\HQSOFT.Order.Domain.csproj", "{D5E017A8-5861-4E8B-8439-5F2DBB6FC0B2}"
EndProject
Project("{FAE04EC0-301F-11D3-BF4B-00C04F79EFBC}") = "HQSOFT.Order.Domain.Shared", "HQSOFT.Order\src\HQSOFT.Order.Domain.Shared\HQSOFT.Order.Domain.Shared.csproj", "{EE9075C5-66D0-4C1B-BB08-AE2283C98EB7}"
EndProject
Project("{FAE04EC0-301F-11D3-BF4B-00C04F79EFBC}") = "HQSOFT.Order.Application.Contracts", "HQSOFT.Order\src\HQSOFT.Order.Application.Contracts\HQSOFT.Order.Application.Contracts.csproj", "{74E645E9-5742-49E7-B82E-118654770F3C}"
EndProject
Project("{FAE04EC0-301F-11D3-BF4B-00C04F79EFBC}") = "HQSOFT.Order.Blazor", "HQSOFT.Order\src\HQSOFT.Order.Blazor\HQSOFT.Order.Blazor.csproj", "{B1B3AF9B-F0CA-473C-8530-CB41B967B57B}"
EndProject
Project("{FAE04EC0-301F-11D3-BF4B-00C04F79EFBC}") = "HQSOFT.Order.HttpApi", "HQSOFT.Order\src\HQSOFT.Order.HttpApi\HQSOFT.Order.HttpApi.csproj", "{29AFD1F2-B33E-4B68-9C89-B647808CACFB}"
EndProject
Project("{FAE04EC0-301F-11D3-BF4B-00C04F79EFBC}") = "HQSOFT.Order.EntityFrameworkCore", "HQSOFT.Order\src\HQSOFT.Order.EntityFrameworkCore\HQSOFT.Order.EntityFrameworkCore.csproj", "{D4D2CBB3-3170-4359-9BE6-C590C841E37C}"
EndProject
Project("{FAE04EC0-301F-11D3-BF4B-00C04F79EFBC}") = "HQSOFT.Order.DbMigrator", "HQSOFT.Order\src\HQSOFT.Order.DbMigrator\HQSOFT.Order.DbMigrator.csproj", "{9D1D010E-1ECC-496E-B17C-D011806165C9}"
EndProject
Project("{FAE04EC0-301F-11D3-BF4B-00C04F79EFBC}") = "HQSOFT.Order.HttpApi.Client", "HQSOFT.Order\src\HQSOFT.Order.HttpApi.Client\HQSOFT.Order.HttpApi.Client.csproj", "{28E3E644-3A14-4CDC-B23B-A2D1C1D98D5E}"
EndProject
Project("{2150E333-8FDC-42A3-9474-1A3956D46DE8}") = "test", "test", "{8A79552D-4758-E95C-D2A8-16D1F3080BCF}"
EndProject
Project("{FAE04EC0-301F-11D3-BF4B-00C04F79EFBC}") = "HQSOFT.Order.Application.Tests", "HQSOFT.Order\test\HQSOFT.Order.Application.Tests\HQSOFT.Order.Application.Tests.csproj", "{E1CB51F4-85B6-46FD-B5C8-6668D718D837}"
EndProject
Project("{FAE04EC0-301F-11D3-BF4B-00C04F79EFBC}") = "HQSOFT.Order.Domain.Tests", "HQSOFT.Order\test\HQSOFT.Order.Domain.Tests\HQSOFT.Order.Domain.Tests.csproj", "{3A2E2A39-0D96-4B98-B504-C5084F66A410}"
EndProject
Project("{FAE04EC0-301F-11D3-BF4B-00C04F79EFBC}") = "HQSOFT.Order.TestBase", "HQSOFT.Order\test\HQSOFT.Order.TestBase\HQSOFT.Order.TestBase.csproj", "{DC67AE91-6958-46C8-B297-C28F643863A3}"
EndProject
Project("{FAE04EC0-301F-11D3-BF4B-00C04F79EFBC}") = "HQSOFT.Order.EntityFrameworkCore.Tests", "HQSOFT.Order\test\HQSOFT.Order.EntityFrameworkCore.Tests\HQSOFT.Order.EntityFrameworkCore.Tests.csproj", "{9E338615-0274-4023-A8DF-FB2D2A8AEDDF}"
EndProject
Project("{FAE04EC0-301F-11D3-BF4B-00C04F79EFBC}") = "HQSOFT.Order.HttpApi.Client.ConsoleTestApp", "HQSOFT.Order\test\HQSOFT.Order.HttpApi.Client.ConsoleTestApp\HQSOFT.Order.HttpApi.Client.ConsoleTestApp.csproj", "{548B75D5-A9DE-4FCB-B429-ACAA542B2000}"
EndProject
Global
	GlobalSection(SolutionConfigurationPlatforms) = preSolution
		Debug|Any CPU = Debug|Any CPU
		Debug|x64 = Debug|x64
		Debug|x86 = Debug|x86
		Release|Any CPU = Release|Any CPU
		Release|x64 = Release|x64
		Release|x86 = Release|x86
	EndGlobalSection
	GlobalSection(ProjectConfigurationPlatforms) = postSolution
		{4DF88973-DDBD-4ECE-A971-EB1A7D181DFA}.Debug|Any CPU.ActiveCfg = Debug|Any CPU
		{4DF88973-DDBD-4ECE-A971-EB1A7D181DFA}.Debug|Any CPU.Build.0 = Debug|Any CPU
		{4DF88973-DDBD-4ECE-A971-EB1A7D181DFA}.Debug|x64.ActiveCfg = Debug|Any CPU
		{4DF88973-DDBD-4ECE-A971-EB1A7D181DFA}.Debug|x64.Build.0 = Debug|Any CPU
		{4DF88973-DDBD-4ECE-A971-EB1A7D181DFA}.Debug|x86.ActiveCfg = Debug|Any CPU
		{4DF88973-DDBD-4ECE-A971-EB1A7D181DFA}.Debug|x86.Build.0 = Debug|Any CPU
		{4DF88973-DDBD-4ECE-A971-EB1A7D181DFA}.Release|Any CPU.ActiveCfg = Release|Any CPU
		{4DF88973-DDBD-4ECE-A971-EB1A7D181DFA}.Release|Any CPU.Build.0 = Release|Any CPU
		{4DF88973-DDBD-4ECE-A971-EB1A7D181DFA}.Release|x64.ActiveCfg = Release|Any CPU
		{4DF88973-DDBD-4ECE-A971-EB1A7D181DFA}.Release|x64.Build.0 = Release|Any CPU
		{4DF88973-DDBD-4ECE-A971-EB1A7D181DFA}.Release|x86.ActiveCfg = Release|Any CPU
		{4DF88973-DDBD-4ECE-A971-EB1A7D181DFA}.Release|x86.Build.0 = Release|Any CPU
		{E97D3800-754B-4D12-A3E3-F7DDB956AF0B}.Debug|Any CPU.ActiveCfg = Debug|Any CPU
		{E97D3800-754B-4D12-A3E3-F7DDB956AF0B}.Debug|Any CPU.Build.0 = Debug|Any CPU
		{E97D3800-754B-4D12-A3E3-F7DDB956AF0B}.Debug|x64.ActiveCfg = Debug|Any CPU
		{E97D3800-754B-4D12-A3E3-F7DDB956AF0B}.Debug|x64.Build.0 = Debug|Any CPU
		{E97D3800-754B-4D12-A3E3-F7DDB956AF0B}.Debug|x86.ActiveCfg = Debug|Any CPU
		{E97D3800-754B-4D12-A3E3-F7DDB956AF0B}.Debug|x86.Build.0 = Debug|Any CPU
		{E97D3800-754B-4D12-A3E3-F7DDB956AF0B}.Release|Any CPU.ActiveCfg = Release|Any CPU
		{E97D3800-754B-4D12-A3E3-F7DDB956AF0B}.Release|Any CPU.Build.0 = Release|Any CPU
		{E97D3800-754B-4D12-A3E3-F7DDB956AF0B}.Release|x64.ActiveCfg = Release|Any CPU
		{E97D3800-754B-4D12-A3E3-F7DDB956AF0B}.Release|x64.Build.0 = Release|Any CPU
		{E97D3800-754B-4D12-A3E3-F7DDB956AF0B}.Release|x86.ActiveCfg = Release|Any CPU
		{E97D3800-754B-4D12-A3E3-F7DDB956AF0B}.Release|x86.Build.0 = Release|Any CPU
		{0FEFCBCB-3CF9-4A8A-8849-C2B2B1D11994}.Debug|Any CPU.ActiveCfg = Debug|Any CPU
		{0FEFCBCB-3CF9-4A8A-8849-C2B2B1D11994}.Debug|Any CPU.Build.0 = Debug|Any CPU
		{0FEFCBCB-3CF9-4A8A-8849-C2B2B1D11994}.Debug|x64.ActiveCfg = Debug|Any CPU
		{0FEFCBCB-3CF9-4A8A-8849-C2B2B1D11994}.Debug|x64.Build.0 = Debug|Any CPU
		{0FEFCBCB-3CF9-4A8A-8849-C2B2B1D11994}.Debug|x86.ActiveCfg = Debug|Any CPU
		{0FEFCBCB-3CF9-4A8A-8849-C2B2B1D11994}.Debug|x86.Build.0 = Debug|Any CPU
		{0FEFCBCB-3CF9-4A8A-8849-C2B2B1D11994}.Release|Any CPU.ActiveCfg = Release|Any CPU
		{0FEFCBCB-3CF9-4A8A-8849-C2B2B1D11994}.Release|Any CPU.Build.0 = Release|Any CPU
		{0FEFCBCB-3CF9-4A8A-8849-C2B2B1D11994}.Release|x64.ActiveCfg = Release|Any CPU
		{0FEFCBCB-3CF9-4A8A-8849-C2B2B1D11994}.Release|x64.Build.0 = Release|Any CPU
		{0FEFCBCB-3CF9-4A8A-8849-C2B2B1D11994}.Release|x86.ActiveCfg = Release|Any CPU
		{0FEFCBCB-3CF9-4A8A-8849-C2B2B1D11994}.Release|x86.Build.0 = Release|Any CPU
		{87FCC571-460A-4BE8-96F6-A2C7628C8FA9}.Debug|Any CPU.ActiveCfg = Debug|Any CPU
		{87FCC571-460A-4BE8-96F6-A2C7628C8FA9}.Debug|Any CPU.Build.0 = Debug|Any CPU
		{87FCC571-460A-4BE8-96F6-A2C7628C8FA9}.Debug|x64.ActiveCfg = Debug|Any CPU
		{87FCC571-460A-4BE8-96F6-A2C7628C8FA9}.Debug|x64.Build.0 = Debug|Any CPU
		{87FCC571-460A-4BE8-96F6-A2C7628C8FA9}.Debug|x86.ActiveCfg = Debug|Any CPU
		{87FCC571-460A-4BE8-96F6-A2C7628C8FA9}.Debug|x86.Build.0 = Debug|Any CPU
		{87FCC571-460A-4BE8-96F6-A2C7628C8FA9}.Release|Any CPU.ActiveCfg = Release|Any CPU
		{87FCC571-460A-4BE8-96F6-A2C7628C8FA9}.Release|Any CPU.Build.0 = Release|Any CPU
		{87FCC571-460A-4BE8-96F6-A2C7628C8FA9}.Release|x64.ActiveCfg = Release|Any CPU
		{87FCC571-460A-4BE8-96F6-A2C7628C8FA9}.Release|x64.Build.0 = Release|Any CPU
		{87FCC571-460A-4BE8-96F6-A2C7628C8FA9}.Release|x86.ActiveCfg = Release|Any CPU
		{87FCC571-460A-4BE8-96F6-A2C7628C8FA9}.Release|x86.Build.0 = Release|Any CPU
		{729572F7-AA7B-47F5-BCA3-6B0BA0B70EF7}.Debug|Any CPU.ActiveCfg = Debug|Any CPU
		{729572F7-AA7B-47F5-BCA3-6B0BA0B70EF7}.Debug|Any CPU.Build.0 = Debug|Any CPU
		{729572F7-AA7B-47F5-BCA3-6B0BA0B70EF7}.Debug|x64.ActiveCfg = Debug|Any CPU
		{729572F7-AA7B-47F5-BCA3-6B0BA0B70EF7}.Debug|x64.Build.0 = Debug|Any CPU
		{729572F7-AA7B-47F5-BCA3-6B0BA0B70EF7}.Debug|x86.ActiveCfg = Debug|Any CPU
		{729572F7-AA7B-47F5-BCA3-6B0BA0B70EF7}.Debug|x86.Build.0 = Debug|Any CPU
		{729572F7-AA7B-47F5-BCA3-6B0BA0B70EF7}.Release|Any CPU.ActiveCfg = Release|Any CPU
		{729572F7-AA7B-47F5-BCA3-6B0BA0B70EF7}.Release|Any CPU.Build.0 = Release|Any CPU
		{729572F7-AA7B-47F5-BCA3-6B0BA0B70EF7}.Release|x64.ActiveCfg = Release|Any CPU
		{729572F7-AA7B-47F5-BCA3-6B0BA0B70EF7}.Release|x64.Build.0 = Release|Any CPU
		{729572F7-AA7B-47F5-BCA3-6B0BA0B70EF7}.Release|x86.ActiveCfg = Release|Any CPU
		{729572F7-AA7B-47F5-BCA3-6B0BA0B70EF7}.Release|x86.Build.0 = Release|Any CPU
		{91F79364-47D4-4850-A244-4F3A1DB3B335}.Debug|Any CPU.ActiveCfg = Debug|Any CPU
		{91F79364-47D4-4850-A244-4F3A1DB3B335}.Debug|Any CPU.Build.0 = Debug|Any CPU
		{91F79364-47D4-4850-A244-4F3A1DB3B335}.Debug|x64.ActiveCfg = Debug|Any CPU
		{91F79364-47D4-4850-A244-4F3A1DB3B335}.Debug|x64.Build.0 = Debug|Any CPU
		{91F79364-47D4-4850-A244-4F3A1DB3B335}.Debug|x86.ActiveCfg = Debug|Any CPU
		{91F79364-47D4-4850-A244-4F3A1DB3B335}.Debug|x86.Build.0 = Debug|Any CPU
		{91F79364-47D4-4850-A244-4F3A1DB3B335}.Release|Any CPU.ActiveCfg = Release|Any CPU
		{91F79364-47D4-4850-A244-4F3A1DB3B335}.Release|Any CPU.Build.0 = Release|Any CPU
		{91F79364-47D4-4850-A244-4F3A1DB3B335}.Release|x64.ActiveCfg = Release|Any CPU
		{91F79364-47D4-4850-A244-4F3A1DB3B335}.Release|x64.Build.0 = Release|Any CPU
		{91F79364-47D4-4850-A244-4F3A1DB3B335}.Release|x86.ActiveCfg = Release|Any CPU
		{91F79364-47D4-4850-A244-4F3A1DB3B335}.Release|x86.Build.0 = Release|Any CPU
		{5D4C8C0D-30BF-4BC4-810F-C13818EB8D99}.Debug|Any CPU.ActiveCfg = Debug|Any CPU
		{5D4C8C0D-30BF-4BC4-810F-C13818EB8D99}.Debug|Any CPU.Build.0 = Debug|Any CPU
		{5D4C8C0D-30BF-4BC4-810F-C13818EB8D99}.Debug|x64.ActiveCfg = Debug|Any CPU
		{5D4C8C0D-30BF-4BC4-810F-C13818EB8D99}.Debug|x64.Build.0 = Debug|Any CPU
		{5D4C8C0D-30BF-4BC4-810F-C13818EB8D99}.Debug|x86.ActiveCfg = Debug|Any CPU
		{5D4C8C0D-30BF-4BC4-810F-C13818EB8D99}.Debug|x86.Build.0 = Debug|Any CPU
		{5D4C8C0D-30BF-4BC4-810F-C13818EB8D99}.Release|Any CPU.ActiveCfg = Release|Any CPU
		{5D4C8C0D-30BF-4BC4-810F-C13818EB8D99}.Release|Any CPU.Build.0 = Release|Any CPU
		{5D4C8C0D-30BF-4BC4-810F-C13818EB8D99}.Release|x64.ActiveCfg = Release|Any CPU
		{5D4C8C0D-30BF-4BC4-810F-C13818EB8D99}.Release|x64.Build.0 = Release|Any CPU
		{5D4C8C0D-30BF-4BC4-810F-C13818EB8D99}.Release|x86.ActiveCfg = Release|Any CPU
		{5D4C8C0D-30BF-4BC4-810F-C13818EB8D99}.Release|x86.Build.0 = Release|Any CPU
		{55E4056D-1359-4730-B439-9407FDD69CA0}.Debug|Any CPU.ActiveCfg = Debug|Any CPU
		{55E4056D-1359-4730-B439-9407FDD69CA0}.Debug|Any CPU.Build.0 = Debug|Any CPU
		{55E4056D-1359-4730-B439-9407FDD69CA0}.Debug|x64.ActiveCfg = Debug|Any CPU
		{55E4056D-1359-4730-B439-9407FDD69CA0}.Debug|x64.Build.0 = Debug|Any CPU
		{55E4056D-1359-4730-B439-9407FDD69CA0}.Debug|x86.ActiveCfg = Debug|Any CPU
		{55E4056D-1359-4730-B439-9407FDD69CA0}.Debug|x86.Build.0 = Debug|Any CPU
		{55E4056D-1359-4730-B439-9407FDD69CA0}.Release|Any CPU.ActiveCfg = Release|Any CPU
		{55E4056D-1359-4730-B439-9407FDD69CA0}.Release|Any CPU.Build.0 = Release|Any CPU
		{55E4056D-1359-4730-B439-9407FDD69CA0}.Release|x64.ActiveCfg = Release|Any CPU
		{55E4056D-1359-4730-B439-9407FDD69CA0}.Release|x64.Build.0 = Release|Any CPU
		{55E4056D-1359-4730-B439-9407FDD69CA0}.Release|x86.ActiveCfg = Release|Any CPU
		{55E4056D-1359-4730-B439-9407FDD69CA0}.Release|x86.Build.0 = Release|Any CPU
		{8FD18103-03E4-4337-BC00-1ED418EEDC49}.Debug|Any CPU.ActiveCfg = Debug|Any CPU
		{8FD18103-03E4-4337-BC00-1ED418EEDC49}.Debug|Any CPU.Build.0 = Debug|Any CPU
		{8FD18103-03E4-4337-BC00-1ED418EEDC49}.Debug|x64.ActiveCfg = Debug|Any CPU
		{8FD18103-03E4-4337-BC00-1ED418EEDC49}.Debug|x64.Build.0 = Debug|Any CPU
		{8FD18103-03E4-4337-BC00-1ED418EEDC49}.Debug|x86.ActiveCfg = Debug|Any CPU
		{8FD18103-03E4-4337-BC00-1ED418EEDC49}.Debug|x86.Build.0 = Debug|Any CPU
		{8FD18103-03E4-4337-BC00-1ED418EEDC49}.Release|Any CPU.ActiveCfg = Release|Any CPU
		{8FD18103-03E4-4337-BC00-1ED418EEDC49}.Release|Any CPU.Build.0 = Release|Any CPU
		{8FD18103-03E4-4337-BC00-1ED418EEDC49}.Release|x64.ActiveCfg = Release|Any CPU
		{8FD18103-03E4-4337-BC00-1ED418EEDC49}.Release|x64.Build.0 = Release|Any CPU
		{8FD18103-03E4-4337-BC00-1ED418EEDC49}.Release|x86.ActiveCfg = Release|Any CPU
		{8FD18103-03E4-4337-BC00-1ED418EEDC49}.Release|x86.Build.0 = Release|Any CPU
		{9663320D-2190-4A80-AB7D-292517024CAE}.Debug|Any CPU.ActiveCfg = Debug|Any CPU
		{9663320D-2190-4A80-AB7D-292517024CAE}.Debug|Any CPU.Build.0 = Debug|Any CPU
		{9663320D-2190-4A80-AB7D-292517024CAE}.Debug|x64.ActiveCfg = Debug|Any CPU
		{9663320D-2190-4A80-AB7D-292517024CAE}.Debug|x64.Build.0 = Debug|Any CPU
		{9663320D-2190-4A80-AB7D-292517024CAE}.Debug|x86.ActiveCfg = Debug|Any CPU
		{9663320D-2190-4A80-AB7D-292517024CAE}.Debug|x86.Build.0 = Debug|Any CPU
		{9663320D-2190-4A80-AB7D-292517024CAE}.Release|Any CPU.ActiveCfg = Release|Any CPU
		{9663320D-2190-4A80-AB7D-292517024CAE}.Release|Any CPU.Build.0 = Release|Any CPU
		{9663320D-2190-4A80-AB7D-292517024CAE}.Release|x64.ActiveCfg = Release|Any CPU
		{9663320D-2190-4A80-AB7D-292517024CAE}.Release|x64.Build.0 = Release|Any CPU
		{9663320D-2190-4A80-AB7D-292517024CAE}.Release|x86.ActiveCfg = Release|Any CPU
		{9663320D-2190-4A80-AB7D-292517024CAE}.Release|x86.Build.0 = Release|Any CPU
		{A5E02471-1807-4855-9618-1C4345C16AF8}.Debug|Any CPU.ActiveCfg = Debug|Any CPU
		{A5E02471-1807-4855-9618-1C4345C16AF8}.Debug|Any CPU.Build.0 = Debug|Any CPU
		{A5E02471-1807-4855-9618-1C4345C16AF8}.Debug|x64.ActiveCfg = Debug|Any CPU
		{A5E02471-1807-4855-9618-1C4345C16AF8}.Debug|x64.Build.0 = Debug|Any CPU
		{A5E02471-1807-4855-9618-1C4345C16AF8}.Debug|x86.ActiveCfg = Debug|Any CPU
		{A5E02471-1807-4855-9618-1C4345C16AF8}.Debug|x86.Build.0 = Debug|Any CPU
		{A5E02471-1807-4855-9618-1C4345C16AF8}.Release|Any CPU.ActiveCfg = Release|Any CPU
		{A5E02471-1807-4855-9618-1C4345C16AF8}.Release|Any CPU.Build.0 = Release|Any CPU
		{A5E02471-1807-4855-9618-1C4345C16AF8}.Release|x64.ActiveCfg = Release|Any CPU
		{A5E02471-1807-4855-9618-1C4345C16AF8}.Release|x64.Build.0 = Release|Any CPU
		{A5E02471-1807-4855-9618-1C4345C16AF8}.Release|x86.ActiveCfg = Release|Any CPU
		{A5E02471-1807-4855-9618-1C4345C16AF8}.Release|x86.Build.0 = Release|Any CPU
		{20ADBEE1-AB9F-4056-A0B0-CF4A699062DE}.Debug|Any CPU.ActiveCfg = Debug|Any CPU
		{20ADBEE1-AB9F-4056-A0B0-CF4A699062DE}.Debug|Any CPU.Build.0 = Debug|Any CPU
		{20ADBEE1-AB9F-4056-A0B0-CF4A699062DE}.Debug|x64.ActiveCfg = Debug|Any CPU
		{20ADBEE1-AB9F-4056-A0B0-CF4A699062DE}.Debug|x64.Build.0 = Debug|Any CPU
		{20ADBEE1-AB9F-4056-A0B0-CF4A699062DE}.Debug|x86.ActiveCfg = Debug|Any CPU
		{20ADBEE1-AB9F-4056-A0B0-CF4A699062DE}.Debug|x86.Build.0 = Debug|Any CPU
		{20ADBEE1-AB9F-4056-A0B0-CF4A699062DE}.Release|Any CPU.ActiveCfg = Release|Any CPU
		{20ADBEE1-AB9F-4056-A0B0-CF4A699062DE}.Release|Any CPU.Build.0 = Release|Any CPU
		{20ADBEE1-AB9F-4056-A0B0-CF4A699062DE}.Release|x64.ActiveCfg = Release|Any CPU
		{20ADBEE1-AB9F-4056-A0B0-CF4A699062DE}.Release|x64.Build.0 = Release|Any CPU
		{20ADBEE1-AB9F-4056-A0B0-CF4A699062DE}.Release|x86.ActiveCfg = Release|Any CPU
		{20ADBEE1-AB9F-4056-A0B0-CF4A699062DE}.Release|x86.Build.0 = Release|Any CPU
		{2F06902B-76F5-4069-8D4D-EA6E6D57FEC3}.Debug|Any CPU.ActiveCfg = Debug|Any CPU
		{2F06902B-76F5-4069-8D4D-EA6E6D57FEC3}.Debug|Any CPU.Build.0 = Debug|Any CPU
		{2F06902B-76F5-4069-8D4D-EA6E6D57FEC3}.Debug|x64.ActiveCfg = Debug|Any CPU
		{2F06902B-76F5-4069-8D4D-EA6E6D57FEC3}.Debug|x64.Build.0 = Debug|Any CPU
		{2F06902B-76F5-4069-8D4D-EA6E6D57FEC3}.Debug|x86.ActiveCfg = Debug|Any CPU
		{2F06902B-76F5-4069-8D4D-EA6E6D57FEC3}.Debug|x86.Build.0 = Debug|Any CPU
		{2F06902B-76F5-4069-8D4D-EA6E6D57FEC3}.Release|Any CPU.ActiveCfg = Release|Any CPU
		{2F06902B-76F5-4069-8D4D-EA6E6D57FEC3}.Release|Any CPU.Build.0 = Release|Any CPU
		{2F06902B-76F5-4069-8D4D-EA6E6D57FEC3}.Release|x64.ActiveCfg = Release|Any CPU
		{2F06902B-76F5-4069-8D4D-EA6E6D57FEC3}.Release|x64.Build.0 = Release|Any CPU
		{2F06902B-76F5-4069-8D4D-EA6E6D57FEC3}.Release|x86.ActiveCfg = Release|Any CPU
		{2F06902B-76F5-4069-8D4D-EA6E6D57FEC3}.Release|x86.Build.0 = Release|Any CPU
		{D5E017A8-5861-4E8B-8439-5F2DBB6FC0B2}.Debug|Any CPU.ActiveCfg = Debug|Any CPU
		{D5E017A8-5861-4E8B-8439-5F2DBB6FC0B2}.Debug|Any CPU.Build.0 = Debug|Any CPU
		{D5E017A8-5861-4E8B-8439-5F2DBB6FC0B2}.Debug|x64.ActiveCfg = Debug|Any CPU
		{D5E017A8-5861-4E8B-8439-5F2DBB6FC0B2}.Debug|x64.Build.0 = Debug|Any CPU
		{D5E017A8-5861-4E8B-8439-5F2DBB6FC0B2}.Debug|x86.ActiveCfg = Debug|Any CPU
		{D5E017A8-5861-4E8B-8439-5F2DBB6FC0B2}.Debug|x86.Build.0 = Debug|Any CPU
		{D5E017A8-5861-4E8B-8439-5F2DBB6FC0B2}.Release|Any CPU.ActiveCfg = Release|Any CPU
		{D5E017A8-5861-4E8B-8439-5F2DBB6FC0B2}.Release|Any CPU.Build.0 = Release|Any CPU
		{D5E017A8-5861-4E8B-8439-5F2DBB6FC0B2}.Release|x64.ActiveCfg = Release|Any CPU
		{D5E017A8-5861-4E8B-8439-5F2DBB6FC0B2}.Release|x64.Build.0 = Release|Any CPU
		{D5E017A8-5861-4E8B-8439-5F2DBB6FC0B2}.Release|x86.ActiveCfg = Release|Any CPU
		{D5E017A8-5861-4E8B-8439-5F2DBB6FC0B2}.Release|x86.Build.0 = Release|Any CPU
		{EE9075C5-66D0-4C1B-BB08-AE2283C98EB7}.Debug|Any CPU.ActiveCfg = Debug|Any CPU
		{EE9075C5-66D0-4C1B-BB08-AE2283C98EB7}.Debug|Any CPU.Build.0 = Debug|Any CPU
		{EE9075C5-66D0-4C1B-BB08-AE2283C98EB7}.Debug|x64.ActiveCfg = Debug|Any CPU
		{EE9075C5-66D0-4C1B-BB08-AE2283C98EB7}.Debug|x64.Build.0 = Debug|Any CPU
		{EE9075C5-66D0-4C1B-BB08-AE2283C98EB7}.Debug|x86.ActiveCfg = Debug|Any CPU
		{EE9075C5-66D0-4C1B-BB08-AE2283C98EB7}.Debug|x86.Build.0 = Debug|Any CPU
		{EE9075C5-66D0-4C1B-BB08-AE2283C98EB7}.Release|Any CPU.ActiveCfg = Release|Any CPU
		{EE9075C5-66D0-4C1B-BB08-AE2283C98EB7}.Release|Any CPU.Build.0 = Release|Any CPU
		{EE9075C5-66D0-4C1B-BB08-AE2283C98EB7}.Release|x64.ActiveCfg = Release|Any CPU
		{EE9075C5-66D0-4C1B-BB08-AE2283C98EB7}.Release|x64.Build.0 = Release|Any CPU
		{EE9075C5-66D0-4C1B-BB08-AE2283C98EB7}.Release|x86.ActiveCfg = Release|Any CPU
		{EE9075C5-66D0-4C1B-BB08-AE2283C98EB7}.Release|x86.Build.0 = Release|Any CPU
		{74E645E9-5742-49E7-B82E-118654770F3C}.Debug|Any CPU.ActiveCfg = Debug|Any CPU
		{74E645E9-5742-49E7-B82E-118654770F3C}.Debug|Any CPU.Build.0 = Debug|Any CPU
		{74E645E9-5742-49E7-B82E-118654770F3C}.Debug|x64.ActiveCfg = Debug|Any CPU
		{74E645E9-5742-49E7-B82E-118654770F3C}.Debug|x64.Build.0 = Debug|Any CPU
		{74E645E9-5742-49E7-B82E-118654770F3C}.Debug|x86.ActiveCfg = Debug|Any CPU
		{74E645E9-5742-49E7-B82E-118654770F3C}.Debug|x86.Build.0 = Debug|Any CPU
		{74E645E9-5742-49E7-B82E-118654770F3C}.Release|Any CPU.ActiveCfg = Release|Any CPU
		{74E645E9-5742-49E7-B82E-118654770F3C}.Release|Any CPU.Build.0 = Release|Any CPU
		{74E645E9-5742-49E7-B82E-118654770F3C}.Release|x64.ActiveCfg = Release|Any CPU
		{74E645E9-5742-49E7-B82E-118654770F3C}.Release|x64.Build.0 = Release|Any CPU
		{74E645E9-5742-49E7-B82E-118654770F3C}.Release|x86.ActiveCfg = Release|Any CPU
		{74E645E9-5742-49E7-B82E-118654770F3C}.Release|x86.Build.0 = Release|Any CPU
		{B1B3AF9B-F0CA-473C-8530-CB41B967B57B}.Debug|Any CPU.ActiveCfg = Debug|Any CPU
		{B1B3AF9B-F0CA-473C-8530-CB41B967B57B}.Debug|Any CPU.Build.0 = Debug|Any CPU
		{B1B3AF9B-F0CA-473C-8530-CB41B967B57B}.Debug|x64.ActiveCfg = Debug|Any CPU
		{B1B3AF9B-F0CA-473C-8530-CB41B967B57B}.Debug|x64.Build.0 = Debug|Any CPU
		{B1B3AF9B-F0CA-473C-8530-CB41B967B57B}.Debug|x86.ActiveCfg = Debug|Any CPU
		{B1B3AF9B-F0CA-473C-8530-CB41B967B57B}.Debug|x86.Build.0 = Debug|Any CPU
		{B1B3AF9B-F0CA-473C-8530-CB41B967B57B}.Release|Any CPU.ActiveCfg = Release|Any CPU
		{B1B3AF9B-F0CA-473C-8530-CB41B967B57B}.Release|Any CPU.Build.0 = Release|Any CPU
		{B1B3AF9B-F0CA-473C-8530-CB41B967B57B}.Release|x64.ActiveCfg = Release|Any CPU
		{B1B3AF9B-F0CA-473C-8530-CB41B967B57B}.Release|x64.Build.0 = Release|Any CPU
		{B1B3AF9B-F0CA-473C-8530-CB41B967B57B}.Release|x86.ActiveCfg = Release|Any CPU
		{B1B3AF9B-F0CA-473C-8530-CB41B967B57B}.Release|x86.Build.0 = Release|Any CPU
		{29AFD1F2-B33E-4B68-9C89-B647808CACFB}.Debug|Any CPU.ActiveCfg = Debug|Any CPU
		{29AFD1F2-B33E-4B68-9C89-B647808CACFB}.Debug|Any CPU.Build.0 = Debug|Any CPU
		{29AFD1F2-B33E-4B68-9C89-B647808CACFB}.Debug|x64.ActiveCfg = Debug|Any CPU
		{29AFD1F2-B33E-4B68-9C89-B647808CACFB}.Debug|x64.Build.0 = Debug|Any CPU
		{29AFD1F2-B33E-4B68-9C89-B647808CACFB}.Debug|x86.ActiveCfg = Debug|Any CPU
		{29AFD1F2-B33E-4B68-9C89-B647808CACFB}.Debug|x86.Build.0 = Debug|Any CPU
		{29AFD1F2-B33E-4B68-9C89-B647808CACFB}.Release|Any CPU.ActiveCfg = Release|Any CPU
		{29AFD1F2-B33E-4B68-9C89-B647808CACFB}.Release|Any CPU.Build.0 = Release|Any CPU
		{29AFD1F2-B33E-4B68-9C89-B647808CACFB}.Release|x64.ActiveCfg = Release|Any CPU
		{29AFD1F2-B33E-4B68-9C89-B647808CACFB}.Release|x64.Build.0 = Release|Any CPU
		{29AFD1F2-B33E-4B68-9C89-B647808CACFB}.Release|x86.ActiveCfg = Release|Any CPU
		{29AFD1F2-B33E-4B68-9C89-B647808CACFB}.Release|x86.Build.0 = Release|Any CPU
		{D4D2CBB3-3170-4359-9BE6-C590C841E37C}.Debug|Any CPU.ActiveCfg = Debug|Any CPU
		{D4D2CBB3-3170-4359-9BE6-C590C841E37C}.Debug|Any CPU.Build.0 = Debug|Any CPU
		{D4D2CBB3-3170-4359-9BE6-C590C841E37C}.Debug|x64.ActiveCfg = Debug|Any CPU
		{D4D2CBB3-3170-4359-9BE6-C590C841E37C}.Debug|x64.Build.0 = Debug|Any CPU
		{D4D2CBB3-3170-4359-9BE6-C590C841E37C}.Debug|x86.ActiveCfg = Debug|Any CPU
		{D4D2CBB3-3170-4359-9BE6-C590C841E37C}.Debug|x86.Build.0 = Debug|Any CPU
		{D4D2CBB3-3170-4359-9BE6-C590C841E37C}.Release|Any CPU.ActiveCfg = Release|Any CPU
		{D4D2CBB3-3170-4359-9BE6-C590C841E37C}.Release|Any CPU.Build.0 = Release|Any CPU
		{D4D2CBB3-3170-4359-9BE6-C590C841E37C}.Release|x64.ActiveCfg = Release|Any CPU
		{D4D2CBB3-3170-4359-9BE6-C590C841E37C}.Release|x64.Build.0 = Release|Any CPU
		{D4D2CBB3-3170-4359-9BE6-C590C841E37C}.Release|x86.ActiveCfg = Release|Any CPU
		{D4D2CBB3-3170-4359-9BE6-C590C841E37C}.Release|x86.Build.0 = Release|Any CPU
		{9D1D010E-1ECC-496E-B17C-D011806165C9}.Debug|Any CPU.ActiveCfg = Debug|Any CPU
		{9D1D010E-1ECC-496E-B17C-D011806165C9}.Debug|Any CPU.Build.0 = Debug|Any CPU
		{9D1D010E-1ECC-496E-B17C-D011806165C9}.Debug|x64.ActiveCfg = Debug|Any CPU
		{9D1D010E-1ECC-496E-B17C-D011806165C9}.Debug|x64.Build.0 = Debug|Any CPU
		{9D1D010E-1ECC-496E-B17C-D011806165C9}.Debug|x86.ActiveCfg = Debug|Any CPU
		{9D1D010E-1ECC-496E-B17C-D011806165C9}.Debug|x86.Build.0 = Debug|Any CPU
		{9D1D010E-1ECC-496E-B17C-D011806165C9}.Release|Any CPU.ActiveCfg = Release|Any CPU
		{9D1D010E-1ECC-496E-B17C-D011806165C9}.Release|Any CPU.Build.0 = Release|Any CPU
		{9D1D010E-1ECC-496E-B17C-D011806165C9}.Release|x64.ActiveCfg = Release|Any CPU
		{9D1D010E-1ECC-496E-B17C-D011806165C9}.Release|x64.Build.0 = Release|Any CPU
		{9D1D010E-1ECC-496E-B17C-D011806165C9}.Release|x86.ActiveCfg = Release|Any CPU
		{9D1D010E-1ECC-496E-B17C-D011806165C9}.Release|x86.Build.0 = Release|Any CPU
		{28E3E644-3A14-4CDC-B23B-A2D1C1D98D5E}.Debug|Any CPU.ActiveCfg = Debug|Any CPU
		{28E3E644-3A14-4CDC-B23B-A2D1C1D98D5E}.Debug|Any CPU.Build.0 = Debug|Any CPU
		{28E3E644-3A14-4CDC-B23B-A2D1C1D98D5E}.Debug|x64.ActiveCfg = Debug|Any CPU
		{28E3E644-3A14-4CDC-B23B-A2D1C1D98D5E}.Debug|x64.Build.0 = Debug|Any CPU
		{28E3E644-3A14-4CDC-B23B-A2D1C1D98D5E}.Debug|x86.ActiveCfg = Debug|Any CPU
		{28E3E644-3A14-4CDC-B23B-A2D1C1D98D5E}.Debug|x86.Build.0 = Debug|Any CPU
		{28E3E644-3A14-4CDC-B23B-A2D1C1D98D5E}.Release|Any CPU.ActiveCfg = Release|Any CPU
		{28E3E644-3A14-4CDC-B23B-A2D1C1D98D5E}.Release|Any CPU.Build.0 = Release|Any CPU
		{28E3E644-3A14-4CDC-B23B-A2D1C1D98D5E}.Release|x64.ActiveCfg = Release|Any CPU
		{28E3E644-3A14-4CDC-B23B-A2D1C1D98D5E}.Release|x64.Build.0 = Release|Any CPU
		{28E3E644-3A14-4CDC-B23B-A2D1C1D98D5E}.Release|x86.ActiveCfg = Release|Any CPU
		{28E3E644-3A14-4CDC-B23B-A2D1C1D98D5E}.Release|x86.Build.0 = Release|Any CPU
		{E1CB51F4-85B6-46FD-B5C8-6668D718D837}.Debug|Any CPU.ActiveCfg = Debug|Any CPU
		{E1CB51F4-85B6-46FD-B5C8-6668D718D837}.Debug|Any CPU.Build.0 = Debug|Any CPU
		{E1CB51F4-85B6-46FD-B5C8-6668D718D837}.Debug|x64.ActiveCfg = Debug|Any CPU
		{E1CB51F4-85B6-46FD-B5C8-6668D718D837}.Debug|x64.Build.0 = Debug|Any CPU
		{E1CB51F4-85B6-46FD-B5C8-6668D718D837}.Debug|x86.ActiveCfg = Debug|Any CPU
		{E1CB51F4-85B6-46FD-B5C8-6668D718D837}.Debug|x86.Build.0 = Debug|Any CPU
		{E1CB51F4-85B6-46FD-B5C8-6668D718D837}.Release|Any CPU.ActiveCfg = Release|Any CPU
		{E1CB51F4-85B6-46FD-B5C8-6668D718D837}.Release|Any CPU.Build.0 = Release|Any CPU
		{E1CB51F4-85B6-46FD-B5C8-6668D718D837}.Release|x64.ActiveCfg = Release|Any CPU
		{E1CB51F4-85B6-46FD-B5C8-6668D718D837}.Release|x64.Build.0 = Release|Any CPU
		{E1CB51F4-85B6-46FD-B5C8-6668D718D837}.Release|x86.ActiveCfg = Release|Any CPU
		{E1CB51F4-85B6-46FD-B5C8-6668D718D837}.Release|x86.Build.0 = Release|Any CPU
		{3A2E2A39-0D96-4B98-B504-C5084F66A410}.Debug|Any CPU.ActiveCfg = Debug|Any CPU
		{3A2E2A39-0D96-4B98-B504-C5084F66A410}.Debug|Any CPU.Build.0 = Debug|Any CPU
		{3A2E2A39-0D96-4B98-B504-C5084F66A410}.Debug|x64.ActiveCfg = Debug|Any CPU
		{3A2E2A39-0D96-4B98-B504-C5084F66A410}.Debug|x64.Build.0 = Debug|Any CPU
		{3A2E2A39-0D96-4B98-B504-C5084F66A410}.Debug|x86.ActiveCfg = Debug|Any CPU
		{3A2E2A39-0D96-4B98-B504-C5084F66A410}.Debug|x86.Build.0 = Debug|Any CPU
		{3A2E2A39-0D96-4B98-B504-C5084F66A410}.Release|Any CPU.ActiveCfg = Release|Any CPU
		{3A2E2A39-0D96-4B98-B504-C5084F66A410}.Release|Any CPU.Build.0 = Release|Any CPU
		{3A2E2A39-0D96-4B98-B504-C5084F66A410}.Release|x64.ActiveCfg = Release|Any CPU
		{3A2E2A39-0D96-4B98-B504-C5084F66A410}.Release|x64.Build.0 = Release|Any CPU
		{3A2E2A39-0D96-4B98-B504-C5084F66A410}.Release|x86.ActiveCfg = Release|Any CPU
		{3A2E2A39-0D96-4B98-B504-C5084F66A410}.Release|x86.Build.0 = Release|Any CPU
		{DC67AE91-6958-46C8-B297-C28F643863A3}.Debug|Any CPU.ActiveCfg = Debug|Any CPU
		{DC67AE91-6958-46C8-B297-C28F643863A3}.Debug|Any CPU.Build.0 = Debug|Any CPU
		{DC67AE91-6958-46C8-B297-C28F643863A3}.Debug|x64.ActiveCfg = Debug|Any CPU
		{DC67AE91-6958-46C8-B297-C28F643863A3}.Debug|x64.Build.0 = Debug|Any CPU
		{DC67AE91-6958-46C8-B297-C28F643863A3}.Debug|x86.ActiveCfg = Debug|Any CPU
		{DC67AE91-6958-46C8-B297-C28F643863A3}.Debug|x86.Build.0 = Debug|Any CPU
		{DC67AE91-6958-46C8-B297-C28F643863A3}.Release|Any CPU.ActiveCfg = Release|Any CPU
		{DC67AE91-6958-46C8-B297-C28F643863A3}.Release|Any CPU.Build.0 = Release|Any CPU
		{DC67AE91-6958-46C8-B297-C28F643863A3}.Release|x64.ActiveCfg = Release|Any CPU
		{DC67AE91-6958-46C8-B297-C28F643863A3}.Release|x64.Build.0 = Release|Any CPU
		{DC67AE91-6958-46C8-B297-C28F643863A3}.Release|x86.ActiveCfg = Release|Any CPU
		{DC67AE91-6958-46C8-B297-C28F643863A3}.Release|x86.Build.0 = Release|Any CPU
		{9E338615-0274-4023-A8DF-FB2D2A8AEDDF}.Debug|Any CPU.ActiveCfg = Debug|Any CPU
		{9E338615-0274-4023-A8DF-FB2D2A8AEDDF}.Debug|Any CPU.Build.0 = Debug|Any CPU
		{9E338615-0274-4023-A8DF-FB2D2A8AEDDF}.Debug|x64.ActiveCfg = Debug|Any CPU
		{9E338615-0274-4023-A8DF-FB2D2A8AEDDF}.Debug|x64.Build.0 = Debug|Any CPU
		{9E338615-0274-4023-A8DF-FB2D2A8AEDDF}.Debug|x86.ActiveCfg = Debug|Any CPU
		{9E338615-0274-4023-A8DF-FB2D2A8AEDDF}.Debug|x86.Build.0 = Debug|Any CPU
		{9E338615-0274-4023-A8DF-FB2D2A8AEDDF}.Release|Any CPU.ActiveCfg = Release|Any CPU
		{9E338615-0274-4023-A8DF-FB2D2A8AEDDF}.Release|Any CPU.Build.0 = Release|Any CPU
		{9E338615-0274-4023-A8DF-FB2D2A8AEDDF}.Release|x64.ActiveCfg = Release|Any CPU
		{9E338615-0274-4023-A8DF-FB2D2A8AEDDF}.Release|x64.Build.0 = Release|Any CPU
		{9E338615-0274-4023-A8DF-FB2D2A8AEDDF}.Release|x86.ActiveCfg = Release|Any CPU
		{9E338615-0274-4023-A8DF-FB2D2A8AEDDF}.Release|x86.Build.0 = Release|Any CPU
		{548B75D5-A9DE-4FCB-B429-ACAA542B2000}.Debug|Any CPU.ActiveCfg = Debug|Any CPU
		{548B75D5-A9DE-4FCB-B429-ACAA542B2000}.Debug|Any CPU.Build.0 = Debug|Any CPU
		{548B75D5-A9DE-4FCB-B429-ACAA542B2000}.Debug|x64.ActiveCfg = Debug|Any CPU
		{548B75D5-A9DE-4FCB-B429-ACAA542B2000}.Debug|x64.Build.0 = Debug|Any CPU
		{548B75D5-A9DE-4FCB-B429-ACAA542B2000}.Debug|x86.ActiveCfg = Debug|Any CPU
		{548B75D5-A9DE-4FCB-B429-ACAA542B2000}.Debug|x86.Build.0 = Debug|Any CPU
		{548B75D5-A9DE-4FCB-B429-ACAA542B2000}.Release|Any CPU.ActiveCfg = Release|Any CPU
		{548B75D5-A9DE-4FCB-B429-ACAA542B2000}.Release|Any CPU.Build.0 = Release|Any CPU
		{548B75D5-A9DE-4FCB-B429-ACAA542B2000}.Release|x64.ActiveCfg = Release|Any CPU
		{548B75D5-A9DE-4FCB-B429-ACAA542B2000}.Release|x64.Build.0 = Release|Any CPU
		{548B75D5-A9DE-4FCB-B429-ACAA542B2000}.Release|x86.ActiveCfg = Release|Any CPU
		{548B75D5-A9DE-4FCB-B429-ACAA542B2000}.Release|x86.Build.0 = Release|Any CPU
	EndGlobalSection
	GlobalSection(SolutionProperties) = preSolution
		HideSolutionNode = FALSE
	EndGlobalSection
	GlobalSection(NestedProjects) = preSolution
		{310BE8E0-B48E-1C2B-1309-B7E9C7221034} = {2BD798A8-EBF1-E617-438B-21A05AF03372}
		{4DF88973-DDBD-4ECE-A971-EB1A7D181DFA} = {310BE8E0-B48E-1C2B-1309-B7E9C7221034}
		{E97D3800-754B-4D12-A3E3-F7DDB956AF0B} = {310BE8E0-B48E-1C2B-1309-B7E9C7221034}
		{0FEFCBCB-3CF9-4A8A-8849-C2B2B1D11994} = {310BE8E0-B48E-1C2B-1309-B7E9C7221034}
		{87FCC571-460A-4BE8-96F6-A2C7628C8FA9} = {310BE8E0-B48E-1C2B-1309-B7E9C7221034}
		{729572F7-AA7B-47F5-BCA3-6B0BA0B70EF7} = {310BE8E0-B48E-1C2B-1309-B7E9C7221034}
		{91F79364-47D4-4850-A244-4F3A1DB3B335} = {310BE8E0-B48E-1C2B-1309-B7E9C7221034}
		{5D4C8C0D-30BF-4BC4-810F-C13818EB8D99} = {310BE8E0-B48E-1C2B-1309-B7E9C7221034}
		{55E4056D-1359-4730-B439-9407FDD69CA0} = {310BE8E0-B48E-1C2B-1309-B7E9C7221034}
		{6630C2AA-9A6A-C2B8-49CE-6058946C6E88} = {2BD798A8-EBF1-E617-438B-21A05AF03372}
		{8FD18103-03E4-4337-BC00-1ED418EEDC49} = {6630C2AA-9A6A-C2B8-49CE-6058946C6E88}
		{9663320D-2190-4A80-AB7D-292517024CAE} = {6630C2AA-9A6A-C2B8-49CE-6058946C6E88}
		{A5E02471-1807-4855-9618-1C4345C16AF8} = {6630C2AA-9A6A-C2B8-49CE-6058946C6E88}
		{20ADBEE1-AB9F-4056-A0B0-CF4A699062DE} = {6630C2AA-9A6A-C2B8-49CE-6058946C6E88}
		{E9E3BE90-7028-E3CD-CB6C-43D658BC0191} = {E20BB6E4-24B9-9B7C-8496-2A4BDAD7FEFF}
		{2F06902B-76F5-4069-8D4D-EA6E6D57FEC3} = {E9E3BE90-7028-E3CD-CB6C-43D658BC0191}
		{D5E017A8-5861-4E8B-8439-5F2DBB6FC0B2} = {E9E3BE90-7028-E3CD-CB6C-43D658BC0191}
		{EE9075C5-66D0-4C1B-BB08-AE2283C98EB7} = {E9E3BE90-7028-E3CD-CB6C-43D658BC0191}
		{74E645E9-5742-49E7-B82E-118654770F3C} = {E9E3BE90-7028-E3CD-CB6C-43D658BC0191}
		{B1B3AF9B-F0CA-473C-8530-CB41B967B57B} = {E9E3BE90-7028-E3CD-CB6C-43D658BC0191}
		{29AFD1F2-B33E-4B68-9C89-B647808CACFB} = {E9E3BE90-7028-E3CD-CB6C-43D658BC0191}
		{D4D2CBB3-3170-4359-9BE6-C590C841E37C} = {E9E3BE90-7028-E3CD-CB6C-43D658BC0191}
		{9D1D010E-1ECC-496E-B17C-D011806165C9} = {E9E3BE90-7028-E3CD-CB6C-43D658BC0191}
		{28E3E644-3A14-4CDC-B23B-A2D1C1D98D5E} = {E9E3BE90-7028-E3CD-CB6C-43D658BC0191}
		{8A79552D-4758-E95C-D2A8-16D1F3080BCF} = {E20BB6E4-24B9-9B7C-8496-2A4BDAD7FEFF}
		{E1CB51F4-85B6-46FD-B5C8-6668D718D837} = {8A79552D-4758-E95C-D2A8-16D1F3080BCF}
		{3A2E2A39-0D96-4B98-B504-C5084F66A410} = {8A79552D-4758-E95C-D2A8-16D1F3080BCF}
		{DC67AE91-6958-46C8-B297-C28F643863A3} = {8A79552D-4758-E95C-D2A8-16D1F3080BCF}
		{9E338615-0274-4023-A8DF-FB2D2A8AEDDF} = {8A79552D-4758-E95C-D2A8-16D1F3080BCF}
		{548B75D5-A9DE-4FCB-B429-ACAA542B2000} = {8A79552D-4758-E95C-D2A8-16D1F3080BCF}
	EndGlobalSection
EndGlobal
